
Microsoft Visual Studio Solution File, Format Version 12.00
# Visual Studio Version 17
VisualStudioVersion = 17.10.35027.167
MinimumVisualStudioVersion = 10.0.40219.1
Project("{FAE04EC0-301F-11D3-BF4B-00C04F79EFBC}") = "机试，动物分类", "机试，动物分类\机试，动物分类.csproj", "{8A951DAF-1D0B-4770-8F23-FD4F83A06C75}"
EndProject
Global
	GlobalSection(SolutionConfigurationPlatforms) = preSolution
		Debug|Any CPU = Debug|Any CPU
		Release|Any CPU = Release|Any CPU
	EndGlobalSection
	GlobalSection(ProjectConfigurationPlatforms) = postSolution
		{8A951DAF-1D0B-4770-8F23-FD4F83A06C75}.Debug|Any CPU.ActiveCfg = Debug|Any CPU
		{8A951DAF-1D0B-4770-8F23-FD4F83A06C75}.Debug|Any CPU.Build.0 = Debug|Any CPU
		{8A951DAF-1D0B-4770-8F23-FD4F83A06C75}.Release|Any CPU.ActiveCfg = Release|Any CPU
		{8A951DAF-1D0B-4770-8F23-FD4F83A06C75}.Release|Any CPU.Build.0 = Release|Any CPU
	EndGlobalSection
	GlobalSection(SolutionProperties) = preSolution
		HideSolutionNode = FALSE
	EndGlobalSection
	GlobalSection(ExtensibilityGlobals) = postSolution
		SolutionGuid = {3D85175B-C740-4D0A-AABA-0F2CC2D64450}
	EndGlobalSection
EndGlobal
